
Microsoft Visual Studio Solution File, Format Version 12.00
# Visual Studio Version 16
VisualStudioVersion = 16.0.29613.14
MinimumVisualStudioVersion = 10.0.40219.1
Project("{FAE04EC0-301F-11D3-BF4B-00C04F79EFBC}") = "Modul001", "Modul001\Modul001.csproj", "{4DE4A9F8-A9A5-4608-BA95-C5EA36343994}"
EndProject
Project("{FAE04EC0-301F-11D3-BF4B-00C04F79EFBC}") = "Modul001_Lab", "Modul001_Lab\Modul001_Lab.csproj", "{94FBF79C-7678-4960-88B7-39FD32042264}"
EndProject
Project("{2150E333-8FDC-42A3-9474-1A3956D46DE8}") = "Modul002", "Modul002", "{B68EBF06-EB23-4D08-8A31-6C63B4EAB071}"
EndProject
Project("{FAE04EC0-301F-11D3-BF4B-00C04F79EFBC}") = "Modul002.1_Kontrollstrukturen", "Modul002.1_Kontrollstrukturen\Modul002.1_Kontrollstrukturen.csproj", "{C16E09D5-F36B-46C0-9DDC-45523E204B0D}"
EndProject
Project("{FAE04EC0-301F-11D3-BF4B-00C04F79EFBC}") = "Modul002.2_Lab", "Modul002.2_Lab\Modul002.2_Lab.csproj", "{0AD15644-077C-4ACB-9B92-03222CFABDF0}"
EndProject
Project("{FAE04EC0-301F-11D3-BF4B-00C04F79EFBC}") = "Modul002.3_enum_und_switch", "Modul002.3_enum_und_switch\Modul002.3_enum_und_switch.csproj", "{3E5E85F9-AAFE-48D0-BF8A-EC89E3767DDB}"
EndProject
Project("{2150E333-8FDC-42A3-9474-1A3956D46DE8}") = "Modul003", "Modul003", "{8BA7E266-3546-4608-96B4-6772DCCA31B4}"
EndProject
Project("{FAE04EC0-301F-11D3-BF4B-00C04F79EFBC}") = "Modul003.1_Functions", "Modul003.1_Functions\Modul003.1_Functions.csproj", "{9F23D288-0C9E-4244-AEDE-84E3114783C4}"
EndProject
Project("{2150E333-8FDC-42A3-9474-1A3956D46DE8}") = "Modul004", "Modul004", "{299F33D5-B34B-4858-AEFA-98C6696B2185}"
EndProject
Project("{FAE04EC0-301F-11D3-BF4B-00C04F79EFBC}") = "Fahrzeugpark", "Fahrzeugpark\Fahrzeugpark.csproj", "{2201258B-00EB-4584-89AA-54623860919A}"
EndProject
Project("{FAE04EC0-301F-11D3-BF4B-00C04F79EFBC}") = "Fahrzeugpark.Console", "Fahrzeugpark.Console\Fahrzeugpark.Console.csproj", "{34E686B2-A6C1-4FC0-B54A-4A2DD9AB80E0}"
EndProject
Project("{FAE04EC0-301F-11D3-BF4B-00C04F79EFBC}") = "Geometrie_Console", "Geometrie_Console\Geometrie_Console.csproj", "{97D8CB65-5898-4CC0-A28C-46AE4450FD5A}"
EndProject
Project("{FAE04EC0-301F-11D3-BF4B-00C04F79EFBC}") = "Geometrie_Library", "Geometrie_Library\Geometrie_Library.csproj", "{7C3F1290-E2B1-475F-8316-F80E5C225728}"
EndProject
Project("{2150E333-8FDC-42A3-9474-1A3956D46DE8}") = "Modul005", "Modul005", "{FF9A440C-16C7-47EB-93D5-765190C66CEB}"
EndProject
Project("{FAE04EC0-301F-11D3-BF4B-00C04F79EFBC}") = "GenericListSamples", "GenericListSamples\GenericListSamples.csproj", "{726B4FBE-9238-4130-AD23-C56AA973B250}"
EndProject
Project("{FAE04EC0-301F-11D3-BF4B-00C04F79EFBC}") = "ExceptionSample", "ExceptionSample\ExceptionSample.csproj", "{EFDF46FF-D5FF-4FA4-9289-E91ED8324EB9}"
EndProject
Project("{FAE04EC0-301F-11D3-BF4B-00C04F79EFBC}") = "FileReadWrite", "FileReadWrite\FileReadWrite.csproj", "{0CB6041B-BAC8-4D1D-A14E-D6AC54655E34}"
EndProject
Global
	GlobalSection(SolutionConfigurationPlatforms) = preSolution
		Debug|Any CPU = Debug|Any CPU
		Release|Any CPU = Release|Any CPU
	EndGlobalSection
	GlobalSection(ProjectConfigurationPlatforms) = postSolution
		{4DE4A9F8-A9A5-4608-BA95-C5EA36343994}.Debug|Any CPU.ActiveCfg = Debug|Any CPU
		{4DE4A9F8-A9A5-4608-BA95-C5EA36343994}.Debug|Any CPU.Build.0 = Debug|Any CPU
		{4DE4A9F8-A9A5-4608-BA95-C5EA36343994}.Release|Any CPU.ActiveCfg = Release|Any CPU
		{4DE4A9F8-A9A5-4608-BA95-C5EA36343994}.Release|Any CPU.Build.0 = Release|Any CPU
		{94FBF79C-7678-4960-88B7-39FD32042264}.Debug|Any CPU.ActiveCfg = Debug|Any CPU
		{94FBF79C-7678-4960-88B7-39FD32042264}.Debug|Any CPU.Build.0 = Debug|Any CPU
		{94FBF79C-7678-4960-88B7-39FD32042264}.Release|Any CPU.ActiveCfg = Release|Any CPU
		{94FBF79C-7678-4960-88B7-39FD32042264}.Release|Any CPU.Build.0 = Release|Any CPU
		{C16E09D5-F36B-46C0-9DDC-45523E204B0D}.Debug|Any CPU.ActiveCfg = Debug|Any CPU
		{C16E09D5-F36B-46C0-9DDC-45523E204B0D}.Debug|Any CPU.Build.0 = Debug|Any CPU
		{C16E09D5-F36B-46C0-9DDC-45523E204B0D}.Release|Any CPU.ActiveCfg = Release|Any CPU
		{C16E09D5-F36B-46C0-9DDC-45523E204B0D}.Release|Any CPU.Build.0 = Release|Any CPU
		{0AD15644-077C-4ACB-9B92-03222CFABDF0}.Debug|Any CPU.ActiveCfg = Debug|Any CPU
		{0AD15644-077C-4ACB-9B92-03222CFABDF0}.Debug|Any CPU.Build.0 = Debug|Any CPU
		{0AD15644-077C-4ACB-9B92-03222CFABDF0}.Release|Any CPU.ActiveCfg = Release|Any CPU
		{0AD15644-077C-4ACB-9B92-03222CFABDF0}.Release|Any CPU.Build.0 = Release|Any CPU
		{3E5E85F9-AAFE-48D0-BF8A-EC89E3767DDB}.Debug|Any CPU.ActiveCfg = Debug|Any CPU
		{3E5E85F9-AAFE-48D0-BF8A-EC89E3767DDB}.Debug|Any CPU.Build.0 = Debug|Any CPU
		{3E5E85F9-AAFE-48D0-BF8A-EC89E3767DDB}.Release|Any CPU.ActiveCfg = Release|Any CPU
		{3E5E85F9-AAFE-48D0-BF8A-EC89E3767DDB}.Release|Any CPU.Build.0 = Release|Any CPU
		{9F23D288-0C9E-4244-AEDE-84E3114783C4}.Debug|Any CPU.ActiveCfg = Debug|Any CPU
		{9F23D288-0C9E-4244-AEDE-84E3114783C4}.Debug|Any CPU.Build.0 = Debug|Any CPU
		{9F23D288-0C9E-4244-AEDE-84E3114783C4}.Release|Any CPU.ActiveCfg = Release|Any CPU
		{9F23D288-0C9E-4244-AEDE-84E3114783C4}.Release|Any CPU.Build.0 = Release|Any CPU
		{2201258B-00EB-4584-89AA-54623860919A}.Debug|Any CPU.ActiveCfg = Debug|Any CPU
		{2201258B-00EB-4584-89AA-54623860919A}.Debug|Any CPU.Build.0 = Debug|Any CPU
		{2201258B-00EB-4584-89AA-54623860919A}.Release|Any CPU.ActiveCfg = Release|Any CPU
		{2201258B-00EB-4584-89AA-54623860919A}.Release|Any CPU.Build.0 = Release|Any CPU
		{34E686B2-A6C1-4FC0-B54A-4A2DD9AB80E0}.Debug|Any CPU.ActiveCfg = Debug|Any CPU
		{34E686B2-A6C1-4FC0-B54A-4A2DD9AB80E0}.Debug|Any CPU.Build.0 = Debug|Any CPU
		{34E686B2-A6C1-4FC0-B54A-4A2DD9AB80E0}.Release|Any CPU.ActiveCfg = Release|Any CPU
		{34E686B2-A6C1-4FC0-B54A-4A2DD9AB80E0}.Release|Any CPU.Build.0 = Release|Any CPU
		{97D8CB65-5898-4CC0-A28C-46AE4450FD5A}.Debug|Any CPU.ActiveCfg = Debug|Any CPU
		{97D8CB65-5898-4CC0-A28C-46AE4450FD5A}.Debug|Any CPU.Build.0 = Debug|Any CPU
		{97D8CB65-5898-4CC0-A28C-46AE4450FD5A}.Release|Any CPU.ActiveCfg = Release|Any CPU
		{97D8CB65-5898-4CC0-A28C-46AE4450FD5A}.Release|Any CPU.Build.0 = Release|Any CPU
		{7C3F1290-E2B1-475F-8316-F80E5C225728}.Debug|Any CPU.ActiveCfg = Debug|Any CPU
		{7C3F1290-E2B1-475F-8316-F80E5C225728}.Debug|Any CPU.Build.0 = Debug|Any CPU
		{7C3F1290-E2B1-475F-8316-F80E5C225728}.Release|Any CPU.ActiveCfg = Release|Any CPU
		{7C3F1290-E2B1-475F-8316-F80E5C225728}.Release|Any CPU.Build.0 = Release|Any CPU
		{726B4FBE-9238-4130-AD23-C56AA973B250}.Debug|Any CPU.ActiveCfg = Debug|Any CPU
		{726B4FBE-9238-4130-AD23-C56AA973B250}.Debug|Any CPU.Build.0 = Debug|Any CPU
		{726B4FBE-9238-4130-AD23-C56AA973B250}.Release|Any CPU.ActiveCfg = Release|Any CPU
		{726B4FBE-9238-4130-AD23-C56AA973B250}.Release|Any CPU.Build.0 = Release|Any CPU
		{EFDF46FF-D5FF-4FA4-9289-E91ED8324EB9}.Debug|Any CPU.ActiveCfg = Debug|Any CPU
		{EFDF46FF-D5FF-4FA4-9289-E91ED8324EB9}.Debug|Any CPU.Build.0 = Debug|Any CPU
		{EFDF46FF-D5FF-4FA4-9289-E91ED8324EB9}.Release|Any CPU.ActiveCfg = Release|Any CPU
		{EFDF46FF-D5FF-4FA4-9289-E91ED8324EB9}.Release|Any CPU.Build.0 = Release|Any CPU
		{0CB6041B-BAC8-4D1D-A14E-D6AC54655E34}.Debug|Any CPU.ActiveCfg = Debug|Any CPU
		{0CB6041B-BAC8-4D1D-A14E-D6AC54655E34}.Debug|Any CPU.Build.0 = Debug|Any CPU
		{0CB6041B-BAC8-4D1D-A14E-D6AC54655E34}.Release|Any CPU.ActiveCfg = Release|Any CPU
		{0CB6041B-BAC8-4D1D-A14E-D6AC54655E34}.Release|Any CPU.Build.0 = Release|Any CPU
	EndGlobalSection
	GlobalSection(SolutionProperties) = preSolution
		HideSolutionNode = FALSE
	EndGlobalSection
	GlobalSection(NestedProjects) = preSolution
		{C16E09D5-F36B-46C0-9DDC-45523E204B0D} = {B68EBF06-EB23-4D08-8A31-6C63B4EAB071}
		{0AD15644-077C-4ACB-9B92-03222CFABDF0} = {B68EBF06-EB23-4D08-8A31-6C63B4EAB071}
		{3E5E85F9-AAFE-48D0-BF8A-EC89E3767DDB} = {B68EBF06-EB23-4D08-8A31-6C63B4EAB071}
		{9F23D288-0C9E-4244-AEDE-84E3114783C4} = {8BA7E266-3546-4608-96B4-6772DCCA31B4}
		{2201258B-00EB-4584-89AA-54623860919A} = {299F33D5-B34B-4858-AEFA-98C6696B2185}
		{34E686B2-A6C1-4FC0-B54A-4A2DD9AB80E0} = {299F33D5-B34B-4858-AEFA-98C6696B2185}
		{97D8CB65-5898-4CC0-A28C-46AE4450FD5A} = {299F33D5-B34B-4858-AEFA-98C6696B2185}
		{7C3F1290-E2B1-475F-8316-F80E5C225728} = {299F33D5-B34B-4858-AEFA-98C6696B2185}
		{726B4FBE-9238-4130-AD23-C56AA973B250} = {FF9A440C-16C7-47EB-93D5-765190C66CEB}
	EndGlobalSection
	GlobalSection(ExtensibilityGlobals) = postSolution
		SolutionGuid = {A32C1CC7-F25E-4919-B114-691938A40A6C}
	EndGlobalSection
EndGlobal
